
Microsoft Visual Studio Solution File, Format Version 12.00
# Visual Studio Version 16
VisualStudioVersion = 16.0.29209.62
MinimumVisualStudioVersion = 10.0.40219.1
Project("{FAE04EC0-301F-11D3-BF4B-00C04F79EFBC}") = "DotNet.Highcharts.Samples", "DotNet.Highcharts.Samples\DotNet.Highcharts.Samples.csproj", "{5F4A2744-6065-4409-A858-D2F99A955007}"
EndProject
Project("{FAE04EC0-301F-11D3-BF4B-00C04F79EFBC}") = "DotNet.Highcharts", "DotNet.Highcharts\DotNet.Highcharts\DotNet.Highcharts.csproj", "{6FE2EA1E-85E3-4969-BE6C-C08C9BA9029A}"
EndProject
Global
	GlobalSection(SolutionConfigurationPlatforms) = preSolution
		Debug|Any CPU = Debug|Any CPU
		Release|Any CPU = Release|Any CPU
	EndGlobalSection
	GlobalSection(ProjectConfigurationPlatforms) = postSolution
		{5F4A2744-6065-4409-A858-D2F99A955007}.Debug|Any CPU.ActiveCfg = Debug|Any CPU
		{5F4A2744-6065-4409-A858-D2F99A955007}.Debug|Any CPU.Build.0 = Debug|Any CPU
		{5F4A2744-6065-4409-A858-D2F99A955007}.Release|Any CPU.ActiveCfg = Release|Any CPU
		{5F4A2744-6065-4409-A858-D2F99A955007}.Release|Any CPU.Build.0 = Release|Any CPU
		{6FE2EA1E-85E3-4969-BE6C-C08C9BA9029A}.Debug|Any CPU.ActiveCfg = Debug|Any CPU
		{6FE2EA1E-85E3-4969-BE6C-C08C9BA9029A}.Debug|Any CPU.Build.0 = Debug|Any CPU
		{6FE2EA1E-85E3-4969-BE6C-C08C9BA9029A}.Release|Any CPU.ActiveCfg = Release|Any CPU
		{6FE2EA1E-85E3-4969-BE6C-C08C9BA9029A}.Release|Any CPU.Build.0 = Release|Any CPU
	EndGlobalSection
	GlobalSection(SolutionProperties) = preSolution
		HideSolutionNode = FALSE
	EndGlobalSection
	GlobalSection(ExtensibilityGlobals) = postSolution
		SolutionGuid = {076ED3FB-9FEF-48D7-8369-298CDF792283}
	EndGlobalSection
EndGlobal
